
Microsoft Visual Studio Solution File, Format Version 12.00
# Visual Studio Version 17
VisualStudioVersion = 17.4.33213.308
MinimumVisualStudioVersion = 10.0.40219.1
Project("{FAE04EC0-301F-11D3-BF4B-00C04F79EFBC}") = "Lab.9", "Lab.9\Lab.9.csproj", "{524034CF-EB5F-4C7B-B472-FBC2959C1C68}"
EndProject
Global
	GlobalSection(SolutionConfigurationPlatforms) = preSolution
		Debug|Any CPU = Debug|Any CPU
		Release|Any CPU = Release|Any CPU
	EndGlobalSection
	GlobalSection(ProjectConfigurationPlatforms) = postSolution
		{524034CF-EB5F-4C7B-B472-FBC2959C1C68}.Debug|Any CPU.ActiveCfg = Debug|Any CPU
		{524034CF-EB5F-4C7B-B472-FBC2959C1C68}.Debug|Any CPU.Build.0 = Debug|Any CPU
		{524034CF-EB5F-4C7B-B472-FBC2959C1C68}.Release|Any CPU.ActiveCfg = Release|Any CPU
		{524034CF-EB5F-4C7B-B472-FBC2959C1C68}.Release|Any CPU.Build.0 = Release|Any CPU
	EndGlobalSection
	GlobalSection(SolutionProperties) = preSolution
		HideSolutionNode = FALSE
	EndGlobalSection
	GlobalSection(ExtensibilityGlobals) = postSolution
		SolutionGuid = {F4D680B2-2D85-4100-8183-0652599905F7}
	EndGlobalSection
EndGlobal
